
Microsoft Visual Studio Solution File, Format Version 12.00
# Visual Studio Version 17
VisualStudioVersion = 17.14.36212.18 d17.14
MinimumVisualStudioVersion = 10.0.40219.1
Project("{FAE04EC0-301F-11D3-BF4B-00C04F79EFBC}") = "Barrios", "Barrios\Barrios.csproj", "{EB1715D6-B415-498A-8F30-14EC6AD08248}"
EndProject
Global
	GlobalSection(SolutionConfigurationPlatforms) = preSolution
		Debug|Any CPU = Debug|Any CPU
		Release|Any CPU = Release|Any CPU
	EndGlobalSection
	GlobalSection(ProjectConfigurationPlatforms) = postSolution
		{EB1715D6-B415-498A-8F30-14EC6AD08248}.Debug|Any CPU.ActiveCfg = Debug|Any CPU
		{EB1715D6-B415-498A-8F30-14EC6AD08248}.Debug|Any CPU.Build.0 = Debug|Any CPU
		{EB1715D6-B415-498A-8F30-14EC6AD08248}.Release|Any CPU.ActiveCfg = Release|Any CPU
		{EB1715D6-B415-498A-8F30-14EC6AD08248}.Release|Any CPU.Build.0 = Release|Any CPU
	EndGlobalSection
	GlobalSection(SolutionProperties) = preSolution
		HideSolutionNode = FALSE
	EndGlobalSection
	GlobalSection(ExtensibilityGlobals) = postSolution
		SolutionGuid = {D425C234-F83E-4EE6-B4FE-251AB08AC3F2}
	EndGlobalSection
EndGlobal
